// !$*UTF8*$!
{
	archiveVersion = 1;
	classes = {
	};
	objectVersion = 46;
	objects = {

/* Begin PBXBuildFile section */
		DAA064381C59F5D500FA4F3D /* AppDelegate.swift in Sources */ = {isa = PBXBuildFile; fileRef = DAA064371C59F5D500FA4F3D /* AppDelegate.swift */; };
		DAA0643A1C59F5D500FA4F3D /* ViewController.swift in Sources */ = {isa = PBXBuildFile; fileRef = DAA064391C59F5D500FA4F3D /* ViewController.swift */; };
		DAA0643D1C59F5D500FA4F3D /* Main.storyboard in Resources */ = {isa = PBXBuildFile; fileRef = DAA0643B1C59F5D500FA4F3D /* Main.storyboard */; };
		DAA0643F1C59F5D500FA4F3D /* Assets.xcassets in Resources */ = {isa = PBXBuildFile; fileRef = DAA0643E1C59F5D500FA4F3D /* Assets.xcassets */; };
		DAA064421C59F5D500FA4F3D /* LaunchScreen.storyboard in Resources */ = {isa = PBXBuildFile; fileRef = DAA064401C59F5D500FA4F3D /* LaunchScreen.storyboard */; };
/* End PBXBuildFile section */

/* Begin PBXFileReference section */
		DAA064341C59F5D500FA4F3D /* CMO.app */ = {isa = PBXFileReference; explicitFileType = wrapper.application; includeInIndex = 0; path = CMO.app; sourceTree = BUILT_PRODUCTS_DIR; };
		DAA064371C59F5D500FA4F3D /* AppDelegate.swift */ = {isa = PBXFileReference; lastKnownFileType = sourcecode.swift; path = AppDelegate.swift; sourceTree = "<group>"; };
		DAA064391C59F5D500FA4F3D /* ViewController.swift */ = {isa = PBXFileReference; lastKnownFileType = sourcecode.swift; path = ViewController.swift; sourceTree = "<group>"; };
		DAA0643C1C59F5D500FA4F3D /* Base */ = {isa = PBXFileReference; lastKnownFileType = file.storyboard; name = Base; path = Base.lproj/Main.storyboard; sourceTree = "<group>"; };
		DAA0643E1C59F5D500FA4F3D /* Assets.xcassets */ = {isa = PBXFileReference; lastKnownFileType = folder.assetcatalog; path = Assets.xcassets; sourceTree = "<group>"; };
		DAA064411C59F5D500FA4F3D /* Base */ = {isa = PBXFileReference; lastKnownFileType = file.storyboard; name = Base; path = Base.lproj/LaunchScreen.storyboard; sourceTree = "<group>"; };
		DAA064431C59F5D500FA4F3D /* Info.plist */ = {isa = PBXFileReference; lastKnownFileType = text.plist.xml; path = Info.plist; sourceTree = "<group>"; };
/* End PBXFileReference section */

/* Begin PBXFrameworksBuildPhase section */
		DAA064311C59F5D500FA4F3D /* Frameworks */ = {
			isa = PBXFrameworksBuildPhase;
			buildActionMask = 2147483647;
			files = (
			);
			runOnlyForDeploymentPostprocessing = 0;
		};
/* End PBXFrameworksBuildPhase section */

/* Begin PBXGroup section */
		DAA0642B1C59F5D500FA4F3D = {
			isa = PBXGroup;
			children = (
				DAA064361C59F5D500FA4F3D /* CMO */,
				DAA064351C59F5D500FA4F3D /* Products */,
			);
			sourceTree = "<group>";
		};
		DAA064351C59F5D500FA4F3D /* Products */ = {
			isa = PBXGroup;
			children = (
				DAA064341C59F5D500FA4F3D /* CMO.app */,
			);
			name = Products;
			sourceTree = "<group>";
		};
		DAA064361C59F5D500FA4F3D /* CMO */ = {
			isa = PBXGroup;
			children = (
				DAA064371C59F5D500FA4F3D /* AppDelegate.swift */,
				DAA064391C59F5D500FA4F3D /* ViewController.swift */,
				DAA0643B1C59F5D500FA4F3D /* Main.storyboard */,
				DAA0643E1C59F5D500FA4F3D /* Assets.xcassets */,
				DAA064401C59F5D500FA4F3D /* LaunchScreen.storyboard */,
				DAA064431C59F5D500FA4F3D /* Info.plist */,
			);
			path = CMO;
			sourceTree = "<group>";
		};
/* End PBXGroup section */

/* Begin PBXNativeTarget section */
		DAA064331C59F5D500FA4F3D /* CMO */ = {
			isa = PBXNativeTarget;
			buildConfigurationList = DAA064461C59F5D500FA4F3D /* Build configuration list for PBXNativeTarget "CMO" */;
			buildPhases = (
				DAA064301C59F5D500FA4F3D /* Sources */,
				DAA064311C59F5D500FA4F3D /* Frameworks */,
				DAA064321C59F5D500FA4F3D /* Resources */,
			);
			buildRules = (
			);
			dependencies = (
			);
			name = CMO;
			productName = CMO;
			productReference = DAA064341C59F5D500FA4F3D /* CMO.app */;
			productType = "com.apple.product-type.application";
		};
/* End PBXNativeTarget section */

/* Begin PBXProject section */
		DAA0642C1C59F5D500FA4F3D /* Project object */ = {
			isa = PBXProject;
			attributes = {
				LastSwiftUpdateCheck = 0720;
				LastUpgradeCheck = 0720;
				ORGANIZATIONNAME = "Octans Corp";
				TargetAttributes = {
					DAA064331C59F5D500FA4F3D = {
						CreatedOnToolsVersion = 7.2;
						DevelopmentTeam = LZ48EUAGT7;
					};
				};
			};
			buildConfigurationList = DAA0642F1C59F5D500FA4F3D /* Build configuration list for PBXProject "CMO" */;
			compatibilityVersion = "Xcode 3.2";
			developmentRegion = English;
			hasScannedForEncodings = 0;
			knownRegions = (
				en,
				Base,
			);
			mainGroup = DAA0642B1C59F5D500FA4F3D;
			productRefGroup = DAA064351C59F5D500FA4F3D /* Products */;
			projectDirPath = "";
			projectRoot = "";
			targets = (
				DAA064331C59F5D500FA4F3D /* CMO */,
			);
		};
/* End PBXProject section */

/* Begin PBXResourcesBuildPhase section */
		DAA064321C59F5D500FA4F3D /* Resources */ = {
			isa = PBXResourcesBuildPhase;
			buildActionMask = 2147483647;
			files = (
				DAA064421C59F5D500FA4F3D /* LaunchScreen.storyboard in Resources */,
				DAA0643F1C59F5D500FA4F3D /* Assets.xcassets in Resources */,
				DAA0643D1C59F5D500FA4F3D /* Main.storyboard in Resources */,
			);
			runOnlyForDeploymentPostprocessing = 0;
		};
/* End PBXResourcesBuildPhase section */

/* Begin PBXSourcesBuildPhase section */
		DAA064301C59F5D500FA4F3D /* Sources */ = {
			isa = PBXSourcesBuildPhase;
			buildActionMask = 2147483647;
			files = (
				DAA0643A1C59F5D500FA4F3D /* ViewController.swift in Sources */,
				DAA064381C59F5D500FA4F3D /* AppDelegate.swift in Sources */,
			);
			runOnlyForDeploymentPostprocessing = 0;
		};
/* End PBXSourcesBuildPhase section */

/* Begin PBXVariantGroup section */
		DAA0643B1C59F5D500FA4F3D /* Main.storyboard */ = {
			isa = PBXVariantGroup;
			children = (
				DAA0643C1C59F5D500FA4F3D /* Base */,
			);
			name = Main.storyboard;
			sourceTree = "<group>";
		};
		DAA064401C59F5D500FA4F3D /* LaunchScreen.storyboard */ = {
			isa = PBXVariantGroup;
			children = (
				DAA064411C59F5D500FA4F3D /* Base */,
			);
			name = LaunchScreen.storyboard;
			sourceTree = "<group>";
		};
/* End PBXVariantGroup section */

/* Begin XCBuildConfiguration section */
		DAA064441C59F5D500FA4F3D /* Debug */ = {
			isa = XCBuildConfiguration;
			buildSettings = {
				ALWAYS_SEARCH_USER_PATHS = NO;
				CLANG_CXX_LANGUAGE_STANDARD = "gnu++0x";
				CLANG_CXX_LIBRARY = "libc++";
				CLANG_ENABLE_MODULES = YES;
				CLANG_ENABLE_OBJC_ARC = YES;
				CLANG_WARN_BOOL_CONVERSION = YES;
				CLANG_WARN_CONSTANT_CONVERSION = YES;
				CLANG_WARN_DIRECT_OBJC_ISA_USAGE = YES_ERROR;
				CLANG_WARN_EMPTY_BODY = YES;
				CLANG_WARN_ENUM_CONVERSION = YES;
				CLANG_WARN_INT_CONVERSION = YES;
				CLANG_WARN_OBJC_ROOT_CLASS = YES_ERROR;
				CLANG_WARN_UNREACHABLE_CODE = YES;
				CLANG_WARN__DUPLICATE_METHOD_MATCH = YES;
				"CODE_SIGN_IDENTITY[sdk=iphoneos*]" = "iPhone Developer";
				COPY_PHASE_STRIP = NO;
				DEBUG_INFORMATION_FORMAT = dwarf;
				ENABLE_STRICT_OBJC_MSGSEND = YES;
				ENABLE_TESTABILITY = YES;
				GCC_C_LANGUAGE_STANDARD = gnu99;
				GCC_DYNAMIC_NO_PIC = NO;
				GCC_NO_COMMON_BLOCKS = YES;
				GCC_OPTIMIZATION_LEVEL = 0;
				GCC_PREPROCESSOR_DEFINITIONS = (
					"DEBUG=1",
					"$(inherited)",
				);
				GCC_WARN_64_TO_32_BIT_CONVERSION = YES;
				GCC_WARN_ABOUT_RETURN_TYPE = YES_ERROR;
				GCC_WARN_UNDECLARED_SELECTOR = YES;
				GCC_WARN_UNINITIALIZED_AUTOS = YES_AGGRESSIVE;
				GCC_WARN_UNUSED_FUNCTION = YES;
				GCC_WARN_UNUSED_VARIABLE = YES;
				IPHONEOS_DEPLOYMENT_TARGET = 9.2;
				MTL_ENABLE_DEBUG_INFO = YES;
				ONLY_ACTIVE_ARCH = YES;
				SDKROOT = iphoneos;
				SWIFT_OPTIMIZATION_LEVEL = "-Onone";
			};
			name = Debug;
		};
		DAA064451C59F5D500FA4F3D /* Release */ = {
			isa = XCBuildConfiguration;
			buildSettings = {
				ALWAYS_SEARCH_USER_PATHS = NO;
				CLANG_CXX_LANGUAGE_STANDARD = "gnu++0x";
				CLANG_CXX_LIBRARY = "libc++";
				CLANG_ENABLE_MODULES = YES;
				CLANG_ENABLE_OBJC_ARC = YES;
				CLANG_WARN_BOOL_CONVERSION = YES;
				CLANG_WARN_CONSTANT_CONVERSION = YES;
				CLANG_WARN_DIRECT_OBJC_ISA_USAGE = YES_ERROR;
				CLANG_WARN_EMPTY_BODY = YES;
				CLANG_WARN_ENUM_CONVERSION = YES;
				CLANG_WARN_INT_CONVERSION = YES;
				CLANG_WARN_OBJC_ROOT_CLASS = YES_ERROR;
				CLANG_WARN_UNREACHABLE_CODE = YES;
				CLANG_WARN__DUPLICATE_METHOD_MATCH = YES;
				"CODE_SIGN_IDENTITY[sdk=iphoneos*]" = "iPhone Developer";
				COPY_PHASE_STRIP = NO;
				DEBUG_INFORMATION_FORMAT = "dwarf-with-dsym";
				ENABLE_NS_ASSERTIONS = NO;
				ENABLE_STRICT_OBJC_MSGSEND = YES;
				GCC_C_LANGUAGE_STANDARD = gnu99;
				GCC_NO_COMMON_BLOCKS = YES;
				GCC_WARN_64_TO_32_BIT_CONVERSION = YES;
				GCC_WARN_ABOUT_RETURN_TYPE = YES_ERROR;
				GCC_WARN_UNDECLARED_SELECTOR = YES;
				GCC_WARN_UNINITIALIZED_AUTOS = YES_AGGRESSIVE;
				GCC_WARN_UNUSED_FUNCTION = YES;
				GCC_WARN_UNUSED_VARIABLE = YES;
				IPHONEOS_DEPLOYMENT_TARGET = 9.2;
				MTL_ENABLE_DEBUG_INFO = NO;
				SDKROOT = iphoneos;
				VALIDATE_PRODUCT = YES;
			};
			name = Release;
		};
		DAA064471C59F5D500FA4F3D /* Debug */ = {
			isa = XCBuildConfiguration;
			buildSettings = {
				ASSETCATALOG_COMPILER_APPICON_NAME = AppIcon;
				INFOPLIST_FILE = CMO/Info.plist;
				LD_RUNPATH_SEARCH_PATHS = "$(inherited) @executable_path/Frameworks";
				PRODUCT_BUNDLE_IDENTIFIER = com.octans.dev.CMO;
				PRODUCT_NAME = "$(TARGET_NAME)";
			};
			name = Debug;
		};
		DAA064481C59F5D500FA4F3D /* Release */ = {
			isa = XCBuildConfiguration;
			buildSettings = {
				ASSETCATALOG_COMPILER_APPICON_NAME = AppIcon;
				INFOPLIST_FILE = CMO/Info.plist;
				LD_RUNPATH_SEARCH_PATHS = "$(inherited) @executable_path/Frameworks";
				PRODUCT_BUNDLE_IDENTIFIER = com.octans.dev.CMO;
				PRODUCT_NAME = "$(TARGET_NAME)";
			};
			name = Release;
		};
/* End XCBuildConfiguration section */

/* Begin XCConfigurationList section */
		DAA0642F1C59F5D500FA4F3D /* Build configuration list for PBXProject "CMO" */ = {
			isa = XCConfigurationList;
			buildConfigurations = (
				DAA064441C59F5D500FA4F3D /* Debug */,
				DAA064451C59F5D500FA4F3D /* Release */,
			);
			defaultConfigurationIsVisible = 0;
			defaultConfigurationName = Release;
		};
		DAA064461C59F5D500FA4F3D /* Build configuration list for PBXNativeTarget "CMO" */ = {
			isa = XCConfigurationList;
			buildConfigurations = (
				DAA064471C59F5D500FA4F3D /* Debug */,
				DAA064481C59F5D500FA4F3D /* Release */,
			);
			defaultConfigurationIsVisible = 0;
		};
/* End XCConfigurationList section */
	};
	rootObject = DAA0642C1C59F5D500FA4F3D /* Project object */;
}
